
Microsoft Visual Studio Solution File, Format Version 12.00
# Visual Studio Version 16
VisualStudioVersion = 16.0.29613.14
MinimumVisualStudioVersion = 10.0.40219.1
Project("{FAE04EC0-301F-11D3-BF4B-00C04F79EFBC}") = "ProductDepartmentCrudApi", "ProductDepartmentCrudApi.csproj", "{0AB4CDBC-5382-4F9C-936F-A8B3DDFBA99C}"
EndProject
Global
	GlobalSection(SolutionConfigurationPlatforms) = preSolution
		Debug|Any CPU = Debug|Any CPU
		Release|Any CPU = Release|Any CPU
	EndGlobalSection
	GlobalSection(ProjectConfigurationPlatforms) = postSolution
		{0AB4CDBC-5382-4F9C-936F-A8B3DDFBA99C}.Debug|Any CPU.ActiveCfg = Debug|Any CPU
		{0AB4CDBC-5382-4F9C-936F-A8B3DDFBA99C}.Debug|Any CPU.Build.0 = Debug|Any CPU
		{0AB4CDBC-5382-4F9C-936F-A8B3DDFBA99C}.Release|Any CPU.ActiveCfg = Release|Any CPU
		{0AB4CDBC-5382-4F9C-936F-A8B3DDFBA99C}.Release|Any CPU.Build.0 = Release|Any CPU
	EndGlobalSection
	GlobalSection(SolutionProperties) = preSolution
		HideSolutionNode = FALSE
	EndGlobalSection
	GlobalSection(ExtensibilityGlobals) = postSolution
		SolutionGuid = {0CE66373-E71E-4637-B7D8-4858CABAD0D0}
	EndGlobalSection
EndGlobal
